
Microsoft Visual Studio Solution File, Format Version 12.00
# Visual Studio Version 17
VisualStudioVersion = 17.14.36915.13 d17.14
MinimumVisualStudioVersion = 10.0.40219.1
Project("{FAE04EC0-301F-11D3-BF4B-00C04F79EFBC}") = "WpfApp1", "WpfApp1\WpfApp1.csproj", "{890BB36F-AF42-402A-B7F2-38AFED7CF3C5}"
EndProject
Global
	GlobalSection(SolutionConfigurationPlatforms) = preSolution
		Debug|Any CPU = Debug|Any CPU
		Release|Any CPU = Release|Any CPU
	EndGlobalSection
	GlobalSection(ProjectConfigurationPlatforms) = postSolution
		{890BB36F-AF42-402A-B7F2-38AFED7CF3C5}.Debug|Any CPU.ActiveCfg = Debug|Any CPU
		{890BB36F-AF42-402A-B7F2-38AFED7CF3C5}.Debug|Any CPU.Build.0 = Debug|Any CPU
		{890BB36F-AF42-402A-B7F2-38AFED7CF3C5}.Release|Any CPU.ActiveCfg = Release|Any CPU
		{890BB36F-AF42-402A-B7F2-38AFED7CF3C5}.Release|Any CPU.Build.0 = Release|Any CPU
	EndGlobalSection
	GlobalSection(SolutionProperties) = preSolution
		HideSolutionNode = FALSE
	EndGlobalSection
	GlobalSection(ExtensibilityGlobals) = postSolution
		SolutionGuid = {C8C14E30-CDFF-40AD-9FEA-3F2A471CB87E}
	EndGlobalSection
EndGlobal
